langcode: en
status: true
dependencies:
  module:
    - contact_block
    - system
  theme:
    - wizzlern_agency
id: contactblock
theme: wizzlern_agency
region: content
weight: null
provider: null
plugin: contact_block
settings:
  id: contact_block
  label: 'Contact us'
  provider: contact_block
  label_display: visible
  contact_form: feedback
visibility:
  request_path:
    id: request_path
    pages: '<front>'
    negate: false
    context_mapping: {  }
